
Microsoft Visual Studio Solution File, Format Version 12.00
# Visual Studio Version 16
VisualStudioVersion = 16.0.31829.152
MinimumVisualStudioVersion = 10.0.40219.1
Project("{FAE04EC0-301F-11D3-BF4B-00C04F79EFBC}") = "WpfLesson10_10", "WpfLesson10_10\WpfLesson10_10.csproj", "{3C6F8423-581F-46B3-B758-BE64B4D4784D}"
EndProject
Global
	GlobalSection(SolutionConfigurationPlatforms) = preSolution
		Debug|Any CPU = Debug|Any CPU
		Release|Any CPU = Release|Any CPU
	EndGlobalSection
	GlobalSection(ProjectConfigurationPlatforms) = postSolution
		{3C6F8423-581F-46B3-B758-BE64B4D4784D}.Debug|Any CPU.ActiveCfg = Debug|Any CPU
		{3C6F8423-581F-46B3-B758-BE64B4D4784D}.Debug|Any CPU.Build.0 = Debug|Any CPU
		{3C6F8423-581F-46B3-B758-BE64B4D4784D}.Release|Any CPU.ActiveCfg = Release|Any CPU
		{3C6F8423-581F-46B3-B758-BE64B4D4784D}.Release|Any CPU.Build.0 = Release|Any CPU
	EndGlobalSection
	GlobalSection(SolutionProperties) = preSolution
		HideSolutionNode = FALSE
	EndGlobalSection
	GlobalSection(ExtensibilityGlobals) = postSolution
		SolutionGuid = {9C9CE65E-788D-419A-8A4F-28683FA5A412}
	EndGlobalSection
EndGlobal
